
Microsoft Visual Studio Solution File, Format Version 12.00
# Visual Studio 14
VisualStudioVersion = 14.0.24720.0
MinimumVisualStudioVersion = 10.0.40219.1
Project("{FAE04EC0-301F-11D3-BF4B-00C04F79EFBC}") = "WebApplicationTest2", "WebApplicationTest2\WebApplicationTest2.csproj", "{37B232D0-E260-4B8C-9CDB-C6767318E663}"
EndProject
Project("{FAE04EC0-301F-11D3-BF4B-00C04F79EFBC}") = "WebApplicationTest2.Tests", "WebApplicationTest2.Tests\WebApplicationTest2.Tests.csproj", "{D6CA0979-6CB2-4567-AF1C-001C0FA4E299}"
EndProject
Global
	GlobalSection(SolutionConfigurationPlatforms) = preSolution
		Debug|Any CPU = Debug|Any CPU
		Release|Any CPU = Release|Any CPU
	EndGlobalSection
	GlobalSection(ProjectConfigurationPlatforms) = postSolution
		{37B232D0-E260-4B8C-9CDB-C6767318E663}.Debug|Any CPU.ActiveCfg = Debug|Any CPU
		{37B232D0-E260-4B8C-9CDB-C6767318E663}.Debug|Any CPU.Build.0 = Debug|Any CPU
		{37B232D0-E260-4B8C-9CDB-C6767318E663}.Release|Any CPU.ActiveCfg = Release|Any CPU
		{37B232D0-E260-4B8C-9CDB-C6767318E663}.Release|Any CPU.Build.0 = Release|Any CPU
		{D6CA0979-6CB2-4567-AF1C-001C0FA4E299}.Debug|Any CPU.ActiveCfg = Debug|Any CPU
		{D6CA0979-6CB2-4567-AF1C-001C0FA4E299}.Debug|Any CPU.Build.0 = Debug|Any CPU
		{D6CA0979-6CB2-4567-AF1C-001C0FA4E299}.Release|Any CPU.ActiveCfg = Release|Any CPU
		{D6CA0979-6CB2-4567-AF1C-001C0FA4E299}.Release|Any CPU.Build.0 = Release|Any CPU
	EndGlobalSection
	GlobalSection(SolutionProperties) = preSolution
		HideSolutionNode = FALSE
	EndGlobalSection
EndGlobal
